
Microsoft Visual Studio Solution File, Format Version 12.00
# Visual Studio 15
VisualStudioVersion = 15.0.27428.2005
MinimumVisualStudioVersion = 10.0.40219.1
Project("{FAE04EC0-301F-11D3-BF4B-00C04F79EFBC}") = "00 NameGenerator", "00 NameGenerator\00 NameGenerator.csproj", "{28C2B9D5-3B0F-4973-8829-89DBB6589CD5}"
EndProject
Global
	GlobalSection(SolutionConfigurationPlatforms) = preSolution
		Debug|Any CPU = Debug|Any CPU
		Release|Any CPU = Release|Any CPU
	EndGlobalSection
	GlobalSection(ProjectConfigurationPlatforms) = postSolution
		{28C2B9D5-3B0F-4973-8829-89DBB6589CD5}.Debug|Any CPU.ActiveCfg = Debug|Any CPU
		{28C2B9D5-3B0F-4973-8829-89DBB6589CD5}.Debug|Any CPU.Build.0 = Debug|Any CPU
		{28C2B9D5-3B0F-4973-8829-89DBB6589CD5}.Release|Any CPU.ActiveCfg = Release|Any CPU
		{28C2B9D5-3B0F-4973-8829-89DBB6589CD5}.Release|Any CPU.Build.0 = Release|Any CPU
	EndGlobalSection
	GlobalSection(SolutionProperties) = preSolution
		HideSolutionNode = FALSE
	EndGlobalSection
	GlobalSection(ExtensibilityGlobals) = postSolution
		SolutionGuid = {F356EF78-B1A9-4D84-AFE5-AD2AB78A9E8D}
	EndGlobalSection
EndGlobal
