
Microsoft Visual Studio Solution File, Format Version 12.00
# Visual Studio 15
VisualStudioVersion = 15.0.27428.2005
MinimumVisualStudioVersion = 10.0.40219.1
Project("{FAE04EC0-301F-11D3-BF4B-00C04F79EFBC}") = "01 HeadsTails", "01 HeadsTails\01 HeadsTails.csproj", "{920D2028-1CC8-4721-81BE-B8528E2E41DE}"
EndProject
Global
	GlobalSection(SolutionConfigurationPlatforms) = preSolution
		Debug|Any CPU = Debug|Any CPU
		Release|Any CPU = Release|Any CPU
	EndGlobalSection
	GlobalSection(ProjectConfigurationPlatforms) = postSolution
		{920D2028-1CC8-4721-81BE-B8528E2E41DE}.Debug|Any CPU.ActiveCfg = Debug|Any CPU
		{920D2028-1CC8-4721-81BE-B8528E2E41DE}.Debug|Any CPU.Build.0 = Debug|Any CPU
		{920D2028-1CC8-4721-81BE-B8528E2E41DE}.Release|Any CPU.ActiveCfg = Release|Any CPU
		{920D2028-1CC8-4721-81BE-B8528E2E41DE}.Release|Any CPU.Build.0 = Release|Any CPU
	EndGlobalSection
	GlobalSection(SolutionProperties) = preSolution
		HideSolutionNode = FALSE
	EndGlobalSection
	GlobalSection(ExtensibilityGlobals) = postSolution
		SolutionGuid = {766356E7-DBE7-4635-AA7C-ED7E52762222}
	EndGlobalSection
EndGlobal
