
Microsoft Visual Studio Solution File, Format Version 12.00
# Visual Studio 15
VisualStudioVersion = 15.0.27428.2005
MinimumVisualStudioVersion = 10.0.40219.1
Project("{FAE04EC0-301F-11D3-BF4B-00C04F79EFBC}") = "Problem 3", "Problem 3\Problem 3.csproj", "{5450A82F-85FC-4FCC-ABD5-AC2192B3FE00}"
EndProject
Global
	GlobalSection(SolutionConfigurationPlatforms) = preSolution
		Debug|Any CPU = Debug|Any CPU
		Release|Any CPU = Release|Any CPU
	EndGlobalSection
	GlobalSection(ProjectConfigurationPlatforms) = postSolution
		{5450A82F-85FC-4FCC-ABD5-AC2192B3FE00}.Debug|Any CPU.ActiveCfg = Debug|Any CPU
		{5450A82F-85FC-4FCC-ABD5-AC2192B3FE00}.Debug|Any CPU.Build.0 = Debug|Any CPU
		{5450A82F-85FC-4FCC-ABD5-AC2192B3FE00}.Release|Any CPU.ActiveCfg = Release|Any CPU
		{5450A82F-85FC-4FCC-ABD5-AC2192B3FE00}.Release|Any CPU.Build.0 = Release|Any CPU
	EndGlobalSection
	GlobalSection(SolutionProperties) = preSolution
		HideSolutionNode = FALSE
	EndGlobalSection
	GlobalSection(ExtensibilityGlobals) = postSolution
		SolutionGuid = {D5121231-5E08-4492-BCCD-F9DA250D02D0}
	EndGlobalSection
EndGlobal
